// !$*UTF8*$!
{
	archiveVersion = 1;
	classes = {
	};
	objectVersion = 46;
	objects = {

/* Begin PBXBuildFile section */
		360AD9181C732E9400C210E5 /* AppDelegate.swift in Sources */ = {isa = PBXBuildFile; fileRef = 360AD9171C732E9400C210E5 /* AppDelegate.swift */; };
		360AD91D1C732E9400C210E5 /* MainMenu.xib in Resources */ = {isa = PBXBuildFile; fileRef = 360AD91B1C732E9400C210E5 /* MainMenu.xib */; };
/* End PBXBuildFile section */

/* Begin PBXFileReference section */
		360AD9141C732E9400C210E5 /* Splinter.app */ = {isa = PBXFileReference; explicitFileType = wrapper.application; includeInIndex = 0; path = Splinter.app; sourceTree = BUILT_PRODUCTS_DIR; };
		360AD9171C732E9400C210E5 /* AppDelegate.swift */ = {isa = PBXFileReference; lastKnownFileType = sourcecode.swift; path = AppDelegate.swift; sourceTree = "<group>"; };
		360AD91C1C732E9400C210E5 /* Base */ = {isa = PBXFileReference; lastKnownFileType = file.xib; name = Base; path = Base.lproj/MainMenu.xib; sourceTree = "<group>"; };
		360AD91E1C732E9400C210E5 /* Info.plist */ = {isa = PBXFileReference; lastKnownFileType = text.plist.xml; path = Info.plist; sourceTree = "<group>"; };
		360AD9241C7332AA00C210E5 /* Splinter-Bridging-Header.h */ = {isa = PBXFileReference; lastKnownFileType = sourcecode.c.h; path = "Splinter-Bridging-Header.h"; sourceTree = "<group>"; };
/* End PBXFileReference section */

/* Begin PBXFrameworksBuildPhase section */
		360AD9111C732E9400C210E5 /* Frameworks */ = {
			isa = PBXFrameworksBuildPhase;
			buildActionMask = 2147483647;
			files = (
			);
			runOnlyForDeploymentPostprocessing = 0;
		};
/* End PBXFrameworksBuildPhase section */

/* Begin PBXGroup section */
		360AD90B1C732E9400C210E5 = {
			isa = PBXGroup;
			children = (
				360AD9161C732E9400C210E5 /* Splinter */,
				360AD9151C732E9400C210E5 /* Products */,
			);
			sourceTree = "<group>";
		};
		360AD9151C732E9400C210E5 /* Products */ = {
			isa = PBXGroup;
			children = (
				360AD9141C732E9400C210E5 /* Splinter.app */,
			);
			name = Products;
			sourceTree = "<group>";
		};
		360AD9161C732E9400C210E5 /* Splinter */ = {
			isa = PBXGroup;
			children = (
				360AD9171C732E9400C210E5 /* AppDelegate.swift */,
				360AD91B1C732E9400C210E5 /* MainMenu.xib */,
				360AD91E1C732E9400C210E5 /* Info.plist */,
				360AD9241C7332AA00C210E5 /* Splinter-Bridging-Header.h */,
			);
			path = Splinter;
			sourceTree = "<group>";
		};
/* End PBXGroup section */

/* Begin PBXNativeTarget section */
		360AD9131C732E9400C210E5 /* Splinter */ = {
			isa = PBXNativeTarget;
			buildConfigurationList = 360AD9211C732E9400C210E5 /* Build configuration list for PBXNativeTarget "Splinter" */;
			buildPhases = (
				360AD9101C732E9400C210E5 /* Sources */,
				360AD9111C732E9400C210E5 /* Frameworks */,
				360AD9121C732E9400C210E5 /* Resources */,
			);
			buildRules = (
			);
			dependencies = (
			);
			name = Splinter;
			productName = Splinter;
			productReference = 360AD9141C732E9400C210E5 /* Splinter.app */;
			productType = "com.apple.product-type.application";
		};
/* End PBXNativeTarget section */

/* Begin PBXProject section */
		360AD90C1C732E9400C210E5 /* Project object */ = {
			isa = PBXProject;
			attributes = {
				LastSwiftUpdateCheck = 0720;
				LastUpgradeCheck = 0720;
				ORGANIZATIONNAME = "Max Bäumle";
				TargetAttributes = {
					360AD9131C732E9400C210E5 = {
						CreatedOnToolsVersion = 7.2.1;
					};
				};
			};
			buildConfigurationList = 360AD90F1C732E9400C210E5 /* Build configuration list for PBXProject "Splinter" */;
			compatibilityVersion = "Xcode 3.2";
			developmentRegion = English;
			hasScannedForEncodings = 0;
			knownRegions = (
				en,
				Base,
			);
			mainGroup = 360AD90B1C732E9400C210E5;
			productRefGroup = 360AD9151C732E9400C210E5 /* Products */;
			projectDirPath = "";
			projectRoot = "";
			targets = (
				360AD9131C732E9400C210E5 /* Splinter */,
			);
		};
/* End PBXProject section */

/* Begin PBXResourcesBuildPhase section */
		360AD9121C732E9400C210E5 /* Resources */ = {
			isa = PBXResourcesBuildPhase;
			buildActionMask = 2147483647;
			files = (
				360AD91D1C732E9400C210E5 /* MainMenu.xib in Resources */,
			);
			runOnlyForDeploymentPostprocessing = 0;
		};
/* End PBXResourcesBuildPhase section */

/* Begin PBXSourcesBuildPhase section */
		360AD9101C732E9400C210E5 /* Sources */ = {
			isa = PBXSourcesBuildPhase;
			buildActionMask = 2147483647;
			files = (
				360AD9181C732E9400C210E5 /* AppDelegate.swift in Sources */,
			);
			runOnlyForDeploymentPostprocessing = 0;
		};
/* End PBXSourcesBuildPhase section */

/* Begin PBXVariantGroup section */
		360AD91B1C732E9400C210E5 /* MainMenu.xib */ = {
			isa = PBXVariantGroup;
			children = (
				360AD91C1C732E9400C210E5 /* Base */,
			);
			name = MainMenu.xib;
			sourceTree = "<group>";
		};
/* End PBXVariantGroup section */

/* Begin XCBuildConfiguration section */
		360AD91F1C732E9400C210E5 /* Debug */ = {
			isa = XCBuildConfiguration;
			buildSettings = {
				ALWAYS_SEARCH_USER_PATHS = NO;
				CLANG_CXX_LANGUAGE_STANDARD = "gnu++0x";
				CLANG_CXX_LIBRARY = "libc++";
				CLANG_ENABLE_MODULES = YES;
				CLANG_ENABLE_OBJC_ARC = YES;
				CLANG_WARN_BOOL_CONVERSION = YES;
				CLANG_WARN_CONSTANT_CONVERSION = YES;
				CLANG_WARN_DIRECT_OBJC_ISA_USAGE = YES_ERROR;
				CLANG_WARN_EMPTY_BODY = YES;
				CLANG_WARN_ENUM_CONVERSION = YES;
				CLANG_WARN_INT_CONVERSION = YES;
				CLANG_WARN_OBJC_ROOT_CLASS = YES_ERROR;
				CLANG_WARN_UNREACHABLE_CODE = YES;
				CLANG_WARN__DUPLICATE_METHOD_MATCH = YES;
				CODE_SIGN_IDENTITY = "-";
				COPY_PHASE_STRIP = NO;
				DEBUG_INFORMATION_FORMAT = dwarf;
				ENABLE_STRICT_OBJC_MSGSEND = YES;
				ENABLE_TESTABILITY = YES;
				GCC_C_LANGUAGE_STANDARD = gnu99;
				GCC_DYNAMIC_NO_PIC = NO;
				GCC_NO_COMMON_BLOCKS = YES;
				GCC_OPTIMIZATION_LEVEL = 0;
				GCC_PREPROCESSOR_DEFINITIONS = (
					"DEBUG=1",
					"$(inherited)",
				);
				GCC_WARN_64_TO_32_BIT_CONVERSION = YES;
				GCC_WARN_ABOUT_RETURN_TYPE = YES_ERROR;
				GCC_WARN_UNDECLARED_SELECTOR = YES;
				GCC_WARN_UNINITIALIZED_AUTOS = YES_AGGRESSIVE;
				GCC_WARN_UNUSED_FUNCTION = YES;
				GCC_WARN_UNUSED_VARIABLE = YES;
				MACOSX_DEPLOYMENT_TARGET = 10.10;
				MTL_ENABLE_DEBUG_INFO = YES;
				ONLY_ACTIVE_ARCH = YES;
				SDKROOT = macosx;
				SWIFT_OPTIMIZATION_LEVEL = "-Onone";
			};
			name = Debug;
		};
		360AD9201C732E9400C210E5 /* Release */ = {
			isa = XCBuildConfiguration;
			buildSettings = {
				ALWAYS_SEARCH_USER_PATHS = NO;
				CLANG_CXX_LANGUAGE_STANDARD = "gnu++0x";
				CLANG_CXX_LIBRARY = "libc++";
				CLANG_ENABLE_MODULES = YES;
				CLANG_ENABLE_OBJC_ARC = YES;
				CLANG_WARN_BOOL_CONVERSION = YES;
				CLANG_WARN_CONSTANT_CONVERSION = YES;
				CLANG_WARN_DIRECT_OBJC_ISA_USAGE = YES_ERROR;
				CLANG_WARN_EMPTY_BODY = YES;
				CLANG_WARN_ENUM_CONVERSION = YES;
				CLANG_WARN_INT_CONVERSION = YES;
				CLANG_WARN_OBJC_ROOT_CLASS = YES_ERROR;
				CLANG_WARN_UNREACHABLE_CODE = YES;
				CLANG_WARN__DUPLICATE_METHOD_MATCH = YES;
				CODE_SIGN_IDENTITY = "-";
				COPY_PHASE_STRIP = NO;
				DEBUG_INFORMATION_FORMAT = "dwarf-with-dsym";
				ENABLE_NS_ASSERTIONS = NO;
				ENABLE_STRICT_OBJC_MSGSEND = YES;
				GCC_C_LANGUAGE_STANDARD = gnu99;
				GCC_NO_COMMON_BLOCKS = YES;
				GCC_WARN_64_TO_32_BIT_CONVERSION = YES;
				GCC_WARN_ABOUT_RETURN_TYPE = YES_ERROR;
				GCC_WARN_UNDECLARED_SELECTOR = YES;
				GCC_WARN_UNINITIALIZED_AUTOS = YES_AGGRESSIVE;
				GCC_WARN_UNUSED_FUNCTION = YES;
				GCC_WARN_UNUSED_VARIABLE = YES;
				MACOSX_DEPLOYMENT_TARGET = 10.10;
				MTL_ENABLE_DEBUG_INFO = NO;
				SDKROOT = macosx;
			};
			name = Release;
		};
		360AD9221C732E9400C210E5 /* Debug */ = {
			isa = XCBuildConfiguration;
			buildSettings = {
				CLANG_ENABLE_MODULES = YES;
				COMBINE_HIDPI_IMAGES = YES;
				INFOPLIST_FILE = "$(SRCROOT)/Splinter/Info.plist";
				LD_RUNPATH_SEARCH_PATHS = "$(inherited) @executable_path/../Frameworks";
				PRODUCT_BUNDLE_IDENTIFIER = com.maxbaeumle.Splinter;
				PRODUCT_NAME = Splinter;
				SWIFT_OBJC_BRIDGING_HEADER = "Splinter/Splinter-Bridging-Header.h";
				SWIFT_OPTIMIZATION_LEVEL = "-Onone";
			};
			name = Debug;
		};
		360AD9231C732E9400C210E5 /* Release */ = {
			isa = XCBuildConfiguration;
			buildSettings = {
				CLANG_ENABLE_MODULES = YES;
				COMBINE_HIDPI_IMAGES = YES;
				INFOPLIST_FILE = "$(SRCROOT)/Splinter/Info.plist";
				LD_RUNPATH_SEARCH_PATHS = "$(inherited) @executable_path/../Frameworks";
				PRODUCT_BUNDLE_IDENTIFIER = com.maxbaeumle.Splinter;
				PRODUCT_NAME = Splinter;
				SWIFT_OBJC_BRIDGING_HEADER = "Splinter/Splinter-Bridging-Header.h";
			};
			name = Release;
		};
/* End XCBuildConfiguration section */

/* Begin XCConfigurationList section */
		360AD90F1C732E9400C210E5 /* Build configuration list for PBXProject "Splinter" */ = {
			isa = XCConfigurationList;
			buildConfigurations = (
				360AD91F1C732E9400C210E5 /* Debug */,
				360AD9201C732E9400C210E5 /* Release */,
			);
			defaultConfigurationIsVisible = 0;
			defaultConfigurationName = Release;
		};
		360AD9211C732E9400C210E5 /* Build configuration list for PBXNativeTarget "Splinter" */ = {
			isa = XCConfigurationList;
			buildConfigurations = (
				360AD9221C732E9400C210E5 /* Debug */,
				360AD9231C732E9400C210E5 /* Release */,
			);
			defaultConfigurationIsVisible = 0;
			defaultConfigurationName = Release;
		};
/* End XCConfigurationList section */
	};
	rootObject = 360AD90C1C732E9400C210E5 /* Project object */;
}
